
Microsoft Visual Studio Solution File, Format Version 12.00
# Visual Studio 15
VisualStudioVersion = 15.0.28307.329
MinimumVisualStudioVersion = 10.0.40219.1
Project("{FAE04EC0-301F-11D3-BF4B-00C04F79EFBC}") = "CodeBlogFitness.BL", "CodeBlogFitness.BL\CodeBlogFitness.BL.csproj", "{34F509A2-3CEA-409C-AC9E-0E9711FAF06A}"
EndProject
Project("{FAE04EC0-301F-11D3-BF4B-00C04F79EFBC}") = "CodeBlogFitness.CMD", "CodeBlogFitness.CMD\CodeBlogFitness.CMD.csproj", "{E48AC432-A259-4F4B-B194-D9D026B2CE7F}"
EndProject
Project("{FAE04EC0-301F-11D3-BF4B-00C04F79EFBC}") = "CodeBlogFitness.BLTests", "CodeBlogFitness.BLTests\CodeBlogFitness.BLTests.csproj", "{A2850491-BD6D-4567-A611-BFCB2939FF43}"
EndProject
Global
	GlobalSection(SolutionConfigurationPlatforms) = preSolution
		Debug|Any CPU = Debug|Any CPU
		Release|Any CPU = Release|Any CPU
	EndGlobalSection
	GlobalSection(ProjectConfigurationPlatforms) = postSolution
		{34F509A2-3CEA-409C-AC9E-0E9711FAF06A}.Debug|Any CPU.ActiveCfg = Debug|Any CPU
		{34F509A2-3CEA-409C-AC9E-0E9711FAF06A}.Debug|Any CPU.Build.0 = Debug|Any CPU
		{34F509A2-3CEA-409C-AC9E-0E9711FAF06A}.Release|Any CPU.ActiveCfg = Release|Any CPU
		{34F509A2-3CEA-409C-AC9E-0E9711FAF06A}.Release|Any CPU.Build.0 = Release|Any CPU
		{E48AC432-A259-4F4B-B194-D9D026B2CE7F}.Debug|Any CPU.ActiveCfg = Debug|Any CPU
		{E48AC432-A259-4F4B-B194-D9D026B2CE7F}.Debug|Any CPU.Build.0 = Debug|Any CPU
		{E48AC432-A259-4F4B-B194-D9D026B2CE7F}.Release|Any CPU.ActiveCfg = Release|Any CPU
		{E48AC432-A259-4F4B-B194-D9D026B2CE7F}.Release|Any CPU.Build.0 = Release|Any CPU
		{A2850491-BD6D-4567-A611-BFCB2939FF43}.Debug|Any CPU.ActiveCfg = Debug|Any CPU
		{A2850491-BD6D-4567-A611-BFCB2939FF43}.Debug|Any CPU.Build.0 = Debug|Any CPU
		{A2850491-BD6D-4567-A611-BFCB2939FF43}.Release|Any CPU.ActiveCfg = Release|Any CPU
		{A2850491-BD6D-4567-A611-BFCB2939FF43}.Release|Any CPU.Build.0 = Release|Any CPU
	EndGlobalSection
	GlobalSection(SolutionProperties) = preSolution
		HideSolutionNode = FALSE
	EndGlobalSection
	GlobalSection(ExtensibilityGlobals) = postSolution
		SolutionGuid = {D85B81BE-8114-47C2-8686-0E3650ED4949}
	EndGlobalSection
EndGlobal
